
Microsoft Visual Studio Solution File, Format Version 12.00
# Visual Studio Version 16
VisualStudioVersion = 16.0.30413.136
MinimumVisualStudioVersion = 10.0.40219.1
Project("{FAE04EC0-301F-11D3-BF4B-00C04F79EFBC}") = "Library-Manager", "WindowsFormsApp1\Library-Manager.csproj", "{DA0C752C-3A60-401C-A45A-C5E278BEC816}"
EndProject
Global
	GlobalSection(SolutionConfigurationPlatforms) = preSolution
		Debug|Any CPU = Debug|Any CPU
		Release|Any CPU = Release|Any CPU
	EndGlobalSection
	GlobalSection(ProjectConfigurationPlatforms) = postSolution
		{DA0C752C-3A60-401C-A45A-C5E278BEC816}.Debug|Any CPU.ActiveCfg = Debug|Any CPU
		{DA0C752C-3A60-401C-A45A-C5E278BEC816}.Debug|Any CPU.Build.0 = Debug|Any CPU
		{DA0C752C-3A60-401C-A45A-C5E278BEC816}.Release|Any CPU.ActiveCfg = Release|Any CPU
		{DA0C752C-3A60-401C-A45A-C5E278BEC816}.Release|Any CPU.Build.0 = Release|Any CPU
	EndGlobalSection
	GlobalSection(SolutionProperties) = preSolution
		HideSolutionNode = FALSE
	EndGlobalSection
	GlobalSection(ExtensibilityGlobals) = postSolution
		SolutionGuid = {195C5711-7477-4C21-99D3-FA7ABB49C9CB}
	EndGlobalSection
EndGlobal
